
Microsoft Visual Studio Solution File, Format Version 12.00
# Visual Studio Version 17
VisualStudioVersion = 17.0.31903.59
MinimumVisualStudioVersion = 10.0.40219.1
Project("{9A19103F-16F7-4668-BE54-9A1E7A4F7556}") = "Fauno.Api", "Fauno.Api\Fauno.Api.csproj", "{3E3F0C25-80D1-4BC6-B343-F6A8CC4C9CB6}"
EndProject
Project("{9A19103F-16F7-4668-BE54-9A1E7A4F7556}") = "Fauno.Domain", "Fauno.Domain\Fauno.Domain.csproj", "{3C104D00-4B99-4B00-BA22-410DF33F1B97}"
EndProject
Project("{9A19103F-16F7-4668-BE54-9A1E7A4F7556}") = "Fauno.Service", "Fauno.Service\Fauno.Service.csproj", "{9EDAFDC8-EC66-46AE-B003-612E599A40C2}"
EndProject
Project("{9A19103F-16F7-4668-BE54-9A1E7A4F7556}") = "Fauno.Infrastructure", "Fauno.Infrastructure\Fauno.Infrastructure.csproj", "{CC405C00-3E93-41FA-B89F-120DA789CBA0}"
EndProject
Project("{9A19103F-16F7-4668-BE54-9A1E7A4F7556}") = "Fauno.CrossCutting", "Fauno.CrossCutting\Fauno.CrossCutting.csproj", "{4938079A-5235-4376-A760-67B87D607944}"
EndProject
Project("{9A19103F-16F7-4668-BE54-9A1E7A4F7556}") = "Fauno.Tests", "Fauno.Tests\Fauno.Tests.csproj", "{DB8475B7-42E7-45C3-A180-E02062D9E467}"
EndProject
Global
	GlobalSection(SolutionConfigurationPlatforms) = preSolution
		Debug|Any CPU = Debug|Any CPU
		Release|Any CPU = Release|Any CPU
	EndGlobalSection
	GlobalSection(ProjectConfigurationPlatforms) = postSolution
		{3E3F0C25-80D1-4BC6-B343-F6A8CC4C9CB6}.Debug|Any CPU.ActiveCfg = Debug|Any CPU
		{3E3F0C25-80D1-4BC6-B343-F6A8CC4C9CB6}.Debug|Any CPU.Build.0 = Debug|Any CPU
		{3E3F0C25-80D1-4BC6-B343-F6A8CC4C9CB6}.Release|Any CPU.ActiveCfg = Release|Any CPU
		{3E3F0C25-80D1-4BC6-B343-F6A8CC4C9CB6}.Release|Any CPU.Build.0 = Release|Any CPU
		{3C104D00-4B99-4B00-BA22-410DF33F1B97}.Debug|Any CPU.ActiveCfg = Debug|Any CPU
		{3C104D00-4B99-4B00-BA22-410DF33F1B97}.Debug|Any CPU.Build.0 = Debug|Any CPU
		{3C104D00-4B99-4B00-BA22-410DF33F1B97}.Release|Any CPU.ActiveCfg = Release|Any CPU
		{3C104D00-4B99-4B00-BA22-410DF33F1B97}.Release|Any CPU.Build.0 = Release|Any CPU
		{9EDAFDC8-EC66-46AE-B003-612E599A40C2}.Debug|Any CPU.ActiveCfg = Debug|Any CPU
		{9EDAFDC8-EC66-46AE-B003-612E599A40C2}.Debug|Any CPU.Build.0 = Debug|Any CPU
		{9EDAFDC8-EC66-46AE-B003-612E599A40C2}.Release|Any CPU.ActiveCfg = Release|Any CPU
		{9EDAFDC8-EC66-46AE-B003-612E599A40C2}.Release|Any CPU.Build.0 = Release|Any CPU
		{CC405C00-3E93-41FA-B89F-120DA789CBA0}.Debug|Any CPU.ActiveCfg = Debug|Any CPU
		{CC405C00-3E93-41FA-B89F-120DA789CBA0}.Debug|Any CPU.Build.0 = Debug|Any CPU
		{CC405C00-3E93-41FA-B89F-120DA789CBA0}.Release|Any CPU.ActiveCfg = Release|Any CPU
		{CC405C00-3E93-41FA-B89F-120DA789CBA0}.Release|Any CPU.Build.0 = Release|Any CPU
		{4938079A-5235-4376-A760-67B87D607944}.Debug|Any CPU.ActiveCfg = Debug|Any CPU
		{4938079A-5235-4376-A760-67B87D607944}.Debug|Any CPU.Build.0 = Debug|Any CPU
		{4938079A-5235-4376-A760-67B87D607944}.Release|Any CPU.ActiveCfg = Release|Any CPU
		{4938079A-5235-4376-A760-67B87D607944}.Release|Any CPU.Build.0 = Release|Any CPU
		{DB8475B7-42E7-45C3-A180-E02062D9E467}.Debug|Any CPU.ActiveCfg = Debug|Any CPU
		{DB8475B7-42E7-45C3-A180-E02062D9E467}.Debug|Any CPU.Build.0 = Debug|Any CPU
		{DB8475B7-42E7-45C3-A180-E02062D9E467}.Release|Any CPU.ActiveCfg = Release|Any CPU
		{DB8475B7-42E7-45C3-A180-E02062D9E467}.Release|Any CPU.Build.0 = Release|Any CPU
	EndGlobalSection
	GlobalSection(SolutionProperties) = preSolution
		HideSolutionNode = FALSE
	EndGlobalSection
	GlobalSection(ExtensibilityGlobals) = postSolution
		SolutionGuid = {3132A2AD-D2EA-4D90-8E53-A1D93FC1A030}
	EndGlobalSection
EndGlobal
